{
  "name": "esbuild-tutorial",
  "version": "1.0.0",
  "lockfileVersion": 1,
  "requires": true,
  "dependencies": {
    "create-serve": {
      "version": "1.0.1",
      "resolved": "https://registry.npmjs.org/create-serve/-/create-serve-1.0.1.tgz",
      "integrity": "sha512-cDAmBGhkwolS7ihq7SnPE8KwjYUZl5FaI9Pq5ZBwNelSKvFR9OoAA4/B5BfB/NC+eYaykBpX9RVMfuU4DHtrPw==",
      "dev": true
    },
    "esbuild": {
      "version": "0.12.19",
      "resolved": "https://registry.npmjs.org/esbuild/-/esbuild-0.12.19.tgz",
      "integrity": "sha512-5NuT1G6THW7l3fsSCDkcPepn24R0XtyPjKoqKHD8LfhqMXzCdz0mrS9HgO6hIhzVT7zt0T+JGbzCqF5AH8hS9w==",
      "dev": true
    },
    "esbuild-serve": {
      "version": "1.0.1",
      "resolved": "https://registry.npmjs.org/esbuild-serve/-/esbuild-serve-1.0.1.tgz",
      "integrity": "sha512-VvYDThNuwg+YAuZC+RqAgw9TpEVGoDdcvm2mTL0lU+TxDXr+QGZfJ+zc6m7cXeJ940qijvdTSZl3mQbRGN4/PA==",
      "dev": true,
      "requires": {
        "create-serve": "^1.0.1",
        "esbuild": "^0.9.0"
      },
      "dependencies": {
        "esbuild": {
          "version": "0.9.7",
          "resolved": "https://registry.npmjs.org/esbuild/-/esbuild-0.9.7.tgz",
          "integrity": "sha512-VtUf6aQ89VTmMLKrWHYG50uByMF4JQlVysb8dmg6cOgW8JnFCipmz7p+HNBl+RR3LLCuBxFGVauAe2wfnF9bLg==",
          "dev": true
        }
      }
    }
  }
}
